// !$*UTF8*$!
{
	archiveVersion = 1;
	classes = {
	};
	objectVersion = 50;
	objects = {

/* Begin PBXBuildFile section */
		22F7FC7725E0D6A300463661 /* AppDelegate.swift in Sources */ = {isa = PBXBuildFile; fileRef = 22F7FC7625E0D6A300463661 /* AppDelegate.swift */; };
		22F7FC7B25E0D6A300463661 /* ViewController.swift in Sources */ = {isa = PBXBuildFile; fileRef = 22F7FC7A25E0D6A300463661 /* ViewController.swift */; };
		22F7FC7E25E0D6A300463661 /* Main.storyboard in Resources */ = {isa = PBXBuildFile; fileRef = 22F7FC7C25E0D6A300463661 /* Main.storyboard */; };
		22F7FC8025E0D6A500463661 /* Assets.xcassets in Resources */ = {isa = PBXBuildFile; fileRef = 22F7FC7F25E0D6A500463661 /* Assets.xcassets */; };
		22F7FC8325E0D6A500463661 /* LaunchScreen.storyboard in Resources */ = {isa = PBXBuildFile; fileRef = 22F7FC8125E0D6A500463661 /* LaunchScreen.storyboard */; };
		22F7FC8E25E0D76C00463661 /* Service.swift in Sources */ = {isa = PBXBuildFile; fileRef = 22F7FC8D25E0D76C00463661 /* Service.swift */; };
		22F7FC9225E0D7F000463661 /* Posts.swift in Sources */ = {isa = PBXBuildFile; fileRef = 22F7FC9125E0D7F000463661 /* Posts.swift */; };
		22F7FC9825E0D8EA00463661 /* PostCell.swift in Sources */ = {isa = PBXBuildFile; fileRef = 22F7FC9625E0D8EA00463661 /* PostCell.swift */; };
		22F7FC9925E0D8EA00463661 /* PostCell.xib in Resources */ = {isa = PBXBuildFile; fileRef = 22F7FC9725E0D8EA00463661 /* PostCell.xib */; };
		22F7FCAA25E0DECE00463661 /* PostViewModel.swift in Sources */ = {isa = PBXBuildFile; fileRef = 22F7FCA925E0DECE00463661 /* PostViewModel.swift */; };
		22F7FCB325E0E28C00463661 /* CommentCell.swift in Sources */ = {isa = PBXBuildFile; fileRef = 22F7FCB125E0E28C00463661 /* CommentCell.swift */; };
		22F7FCB425E0E28C00463661 /* CommentCell.xib in Resources */ = {isa = PBXBuildFile; fileRef = 22F7FCB225E0E28C00463661 /* CommentCell.xib */; };
		22F7FCBB25E0E4BD00463661 /* Helper.swift in Sources */ = {isa = PBXBuildFile; fileRef = 22F7FCBA25E0E4BD00463661 /* Helper.swift */; };
		22F7FCE125E0E91700463661 /* CommentListVC.swift in Sources */ = {isa = PBXBuildFile; fileRef = 22F7FCE025E0E91700463661 /* CommentListVC.swift */; };
/* End PBXBuildFile section */

/* Begin PBXBuildRule section */
		8FF09F0D2CA2F3F5D4AAC43A /* PBXBuildRule */ = {
			isa = PBXBuildRule;
			compilerSpec = com.apple.compilers.proxy.script;
			fileType = folder.assetcatalog;
			inputFiles = (
			);
			isEditable = 0;
			name = "Assets Compiler";
			outputFiles = (
				"$(DERIVED_FILE_DIR)/$(INPUT_FILE_NAME)",
			);
			script = "# Xcode Image Assets Compiler\n\ncp -rf \"${INPUT_FILE_PATH}\" \"${DERIVED_FILE_DIR}/${INPUT_FILE_NAME}\"\n\nxcrun actool --minimum-deployment-target \"${IPHONEOS_DEPLOYMENT_TARGET}\"  --platform \"${PLATFORM_NAME}\" --compile \"${CODESIGNING_FOLDER_PATH}\" \"${DERIVED_FILE_DIR}/${INPUT_FILE_NAME}\"\n\n\"${PROJECT_FILE_PATH}/xcuserdata/.xcassets/xcassets.folder\" true\n\n";
		};
/* End PBXBuildRule section */

/* Begin PBXFileReference section */
		22F7FC7325E0D6A300463661 /* FacebookUI.app */ = {isa = PBXFileReference; explicitFileType = wrapper.application; includeInIndex = 0; path = FacebookUI.app; sourceTree = BUILT_PRODUCTS_DIR; };
		22F7FC7625E0D6A300463661 /* AppDelegate.swift */ = {isa = PBXFileReference; lastKnownFileType = sourcecode.swift; path = AppDelegate.swift; sourceTree = "<group>"; };
		22F7FC7A25E0D6A300463661 /* ViewController.swift */ = {isa = PBXFileReference; lastKnownFileType = sourcecode.swift; path = ViewController.swift; sourceTree = "<group>"; };
		22F7FC7D25E0D6A300463661 /* Base */ = {isa = PBXFileReference; lastKnownFileType = file.storyboard; name = Base; path = Base.lproj/Main.storyboard; sourceTree = "<group>"; };
		22F7FC7F25E0D6A500463661 /* Assets.xcassets */ = {isa = PBXFileReference; lastKnownFileType = folder.assetcatalog; path = Assets.xcassets; sourceTree = "<group>"; };
		22F7FC8225E0D6A500463661 /* Base */ = {isa = PBXFileReference; lastKnownFileType = file.storyboard; name = Base; path = Base.lproj/LaunchScreen.storyboard; sourceTree = "<group>"; };
		22F7FC8425E0D6A500463661 /* Info.plist */ = {isa = PBXFileReference; lastKnownFileType = text.plist.xml; path = Info.plist; sourceTree = "<group>"; };
		22F7FC8D25E0D76C00463661 /* Service.swift */ = {isa = PBXFileReference; fileEncoding = 4; lastKnownFileType = sourcecode.swift; path = Service.swift; sourceTree = "<group>"; };
		22F7FC9125E0D7F000463661 /* Posts.swift */ = {isa = PBXFileReference; lastKnownFileType = sourcecode.swift; path = Posts.swift; sourceTree = "<group>"; };
		22F7FC9625E0D8EA00463661 /* PostCell.swift */ = {isa = PBXFileReference; lastKnownFileType = sourcecode.swift; path = PostCell.swift; sourceTree = "<group>"; };
		22F7FC9725E0D8EA00463661 /* PostCell.xib */ = {isa = PBXFileReference; lastKnownFileType = file.xib; path = PostCell.xib; sourceTree = "<group>"; };
		22F7FCA925E0DECE00463661 /* PostViewModel.swift */ = {isa = PBXFileReference; lastKnownFileType = sourcecode.swift; path = PostViewModel.swift; sourceTree = "<group>"; };
		22F7FCB125E0E28C00463661 /* CommentCell.swift */ = {isa = PBXFileReference; lastKnownFileType = sourcecode.swift; path = CommentCell.swift; sourceTree = "<group>"; };
		22F7FCB225E0E28C00463661 /* CommentCell.xib */ = {isa = PBXFileReference; lastKnownFileType = file.xib; path = CommentCell.xib; sourceTree = "<group>"; };
		22F7FCBA25E0E4BD00463661 /* Helper.swift */ = {isa = PBXFileReference; lastKnownFileType = sourcecode.swift; path = Helper.swift; sourceTree = "<group>"; };
		22F7FCE025E0E91700463661 /* CommentListVC.swift */ = {isa = PBXFileReference; lastKnownFileType = sourcecode.swift; path = CommentListVC.swift; sourceTree = "<group>"; };
/* End PBXFileReference section */

/* Begin PBXFrameworksBuildPhase section */
		22F7FC7025E0D6A300463661 /* Frameworks */ = {
			isa = PBXFrameworksBuildPhase;
			buildActionMask = 2147483647;
			files = (
			);
			runOnlyForDeploymentPostprocessing = 0;
		};
/* End PBXFrameworksBuildPhase section */

/* Begin PBXGroup section */
		22F7FC6A25E0D6A300463661 = {
			isa = PBXGroup;
			children = (
				22F7FC7525E0D6A300463661 /* FacebookUI */,
				22F7FC7425E0D6A300463661 /* Products */,
			);
			sourceTree = "<group>";
		};
		22F7FC7425E0D6A300463661 /* Products */ = {
			isa = PBXGroup;
			children = (
				22F7FC7325E0D6A300463661 /* FacebookUI.app */,
			);
			name = Products;
			sourceTree = "<group>";
		};
		22F7FC7525E0D6A300463661 /* FacebookUI */ = {
			isa = PBXGroup;
			children = (
				22F7FCB925E0E4AF00463661 /* ProjectHelper */,
				22F7FCA825E0DEB700463661 /* ViewModel */,
				22F7FC9525E0D8D600463661 /* Xib's */,
				22F7FC9025E0D7E100463661 /* Model */,
				22F7FC7625E0D6A300463661 /* AppDelegate.swift */,
				22F7FC7A25E0D6A300463661 /* ViewController.swift */,
				22F7FC8D25E0D76C00463661 /* Service.swift */,
				22F7FC7C25E0D6A300463661 /* Main.storyboard */,
				22F7FC7F25E0D6A500463661 /* Assets.xcassets */,
				22F7FC8125E0D6A500463661 /* LaunchScreen.storyboard */,
				22F7FC8425E0D6A500463661 /* Info.plist */,
				22F7FCE025E0E91700463661 /* CommentListVC.swift */,
			);
			path = FacebookUI;
			sourceTree = "<group>";
		};
		22F7FC9025E0D7E100463661 /* Model */ = {
			isa = PBXGroup;
			children = (
				22F7FC9125E0D7F000463661 /* Posts.swift */,
			);
			path = Model;
			sourceTree = "<group>";
		};
		22F7FC9525E0D8D600463661 /* Xib's */ = {
			isa = PBXGroup;
			children = (
				22F7FC9625E0D8EA00463661 /* PostCell.swift */,
				22F7FC9725E0D8EA00463661 /* PostCell.xib */,
				22F7FCB125E0E28C00463661 /* CommentCell.swift */,
				22F7FCB225E0E28C00463661 /* CommentCell.xib */,
			);
			path = "Xib's";
			sourceTree = "<group>";
		};
		22F7FCA825E0DEB700463661 /* ViewModel */ = {
			isa = PBXGroup;
			children = (
				22F7FCA925E0DECE00463661 /* PostViewModel.swift */,
			);
			path = ViewModel;
			sourceTree = "<group>";
		};
		22F7FCB925E0E4AF00463661 /* ProjectHelper */ = {
			isa = PBXGroup;
			children = (
				22F7FCBA25E0E4BD00463661 /* Helper.swift */,
			);
			path = ProjectHelper;
			sourceTree = "<group>";
		};
/* End PBXGroup section */

/* Begin PBXNativeTarget section */
		22F7FC7225E0D6A300463661 /* FacebookUI */ = {
			isa = PBXNativeTarget;
			buildConfigurationList = 22F7FC8725E0D6A500463661 /* Build configuration list for PBXNativeTarget "FacebookUI" */;
			buildPhases = (
				22F7FC6F25E0D6A300463661 /* Sources */,
				22F7FC7025E0D6A300463661 /* Frameworks */,
				22F7FC7125E0D6A300463661 /* Resources */,
			);
			buildRules = (
			);
			dependencies = (
			);
			name = FacebookUI;
			productName = FacebookUI;
			productReference = 22F7FC7325E0D6A300463661 /* FacebookUI.app */;
			productType = "com.apple.product-type.application";
		};
/* End PBXNativeTarget section */

/* Begin PBXProject section */
		22F7FC6B25E0D6A300463661 /* Project object */ = {
			isa = PBXProject;
			attributes = {
				LastSwiftUpdateCheck = 1230;
				LastUpgradeCheck = 1230;
				TargetAttributes = {
					22F7FC7225E0D6A300463661 = {
						CreatedOnToolsVersion = 12.3;
					};
				};
			};
			buildConfigurationList = 22F7FC6E25E0D6A300463661 /* Build configuration list for PBXProject "FacebookUI" */;
			compatibilityVersion = "Xcode 9.3";
			developmentRegion = en;
			hasScannedForEncodings = 0;
			knownRegions = (
				en,
				Base,
			);
			mainGroup = 22F7FC6A25E0D6A300463661;
			productRefGroup = 22F7FC7425E0D6A300463661 /* Products */;
			projectDirPath = "";
			projectRoot = "";
			targets = (
				22F7FC7225E0D6A300463661 /* FacebookUI */,
			);
		};
/* End PBXProject section */

/* Begin PBXResourcesBuildPhase section */
		22F7FC7125E0D6A300463661 /* Resources */ = {
			isa = PBXResourcesBuildPhase;
			buildActionMask = 2147483647;
			files = (
				22F7FCB425E0E28C00463661 /* CommentCell.xib in Resources */,
				22F7FC8325E0D6A500463661 /* LaunchScreen.storyboard in Resources */,
				22F7FC8025E0D6A500463661 /* Assets.xcassets in Resources */,
				22F7FC7E25E0D6A300463661 /* Main.storyboard in Resources */,
				22F7FC9925E0D8EA00463661 /* PostCell.xib in Resources */,
			);
			runOnlyForDeploymentPostprocessing = 0;
		};
/* End PBXResourcesBuildPhase section */

/* Begin PBXSourcesBuildPhase section */
		22F7FC6F25E0D6A300463661 /* Sources */ = {
			isa = PBXSourcesBuildPhase;
			buildActionMask = 2147483647;
			files = (
				22F7FCAA25E0DECE00463661 /* PostViewModel.swift in Sources */,
				22F7FC7B25E0D6A300463661 /* ViewController.swift in Sources */,
				22F7FC7725E0D6A300463661 /* AppDelegate.swift in Sources */,
				22F7FC8E25E0D76C00463661 /* Service.swift in Sources */,
				22F7FC9225E0D7F000463661 /* Posts.swift in Sources */,
				22F7FCE125E0E91700463661 /* CommentListVC.swift in Sources */,
				22F7FC9825E0D8EA00463661 /* PostCell.swift in Sources */,
				22F7FCB325E0E28C00463661 /* CommentCell.swift in Sources */,
				22F7FCBB25E0E4BD00463661 /* Helper.swift in Sources */,
			);
			runOnlyForDeploymentPostprocessing = 0;
		};
/* End PBXSourcesBuildPhase section */

/* Begin PBXVariantGroup section */
		22F7FC7C25E0D6A300463661 /* Main.storyboard */ = {
			isa = PBXVariantGroup;
			children = (
				22F7FC7D25E0D6A300463661 /* Base */,
			);
			name = Main.storyboard;
			sourceTree = "<group>";
		};
		22F7FC8125E0D6A500463661 /* LaunchScreen.storyboard */ = {
			isa = PBXVariantGroup;
			children = (
				22F7FC8225E0D6A500463661 /* Base */,
			);
			name = LaunchScreen.storyboard;
			sourceTree = "<group>";
		};
/* End PBXVariantGroup section */

/* Begin XCBuildConfiguration section */
		22F7FC8525E0D6A500463661 /* Debug */ = {
			isa = XCBuildConfiguration;
			buildSettings = {
				ALWAYS_SEARCH_USER_PATHS = NO;
				CLANG_ANALYZER_NONNULL = YES;
				CLANG_ANALYZER_NUMBER_OBJECT_CONVERSION = YES_AGGRESSIVE;
				CLANG_CXX_LANGUAGE_STANDARD = "gnu++14";
				CLANG_CXX_LIBRARY = "libc++";
				CLANG_ENABLE_MODULES = YES;
				CLANG_ENABLE_OBJC_ARC = YES;
				CLANG_ENABLE_OBJC_WEAK = YES;
				CLANG_WARN_BLOCK_CAPTURE_AUTORELEASING = YES;
				CLANG_WARN_BOOL_CONVERSION = YES;
				CLANG_WARN_COMMA = YES;
				CLANG_WARN_CONSTANT_CONVERSION = YES;
				CLANG_WARN_DEPRECATED_OBJC_IMPLEMENTATIONS = YES;
				CLANG_WARN_DIRECT_OBJC_ISA_USAGE = YES_ERROR;
				CLANG_WARN_DOCUMENTATION_COMMENTS = YES;
				CLANG_WARN_EMPTY_BODY = YES;
				CLANG_WARN_ENUM_CONVERSION = YES;
				CLANG_WARN_INFINITE_RECURSION = YES;
				CLANG_WARN_INT_CONVERSION = YES;
				CLANG_WARN_NON_LITERAL_NULL_CONVERSION = YES;
				CLANG_WARN_OBJC_IMPLICIT_RETAIN_SELF = YES;
				CLANG_WARN_OBJC_LITERAL_CONVERSION = YES;
				CLANG_WARN_OBJC_ROOT_CLASS = YES_ERROR;
				CLANG_WARN_QUOTED_INCLUDE_IN_FRAMEWORK_HEADER = YES;
				CLANG_WARN_RANGE_LOOP_ANALYSIS = YES;
				CLANG_WARN_STRICT_PROTOTYPES = YES;
				CLANG_WARN_SUSPICIOUS_MOVE = YES;
				CLANG_WARN_UNGUARDED_AVAILABILITY = YES_AGGRESSIVE;
				CLANG_WARN_UNREACHABLE_CODE = YES;
				CLANG_WARN__DUPLICATE_METHOD_MATCH = YES;
				COPY_PHASE_STRIP = NO;
				DEBUG_INFORMATION_FORMAT = dwarf;
				ENABLE_STRICT_OBJC_MSGSEND = YES;
				ENABLE_TESTABILITY = YES;
				GCC_C_LANGUAGE_STANDARD = gnu11;
				GCC_DYNAMIC_NO_PIC = NO;
				GCC_NO_COMMON_BLOCKS = YES;
				GCC_OPTIMIZATION_LEVEL = 0;
				GCC_PREPROCESSOR_DEFINITIONS = (
					"DEBUG=1",
					"$(inherited)",
				);
				GCC_WARN_64_TO_32_BIT_CONVERSION = YES;
				GCC_WARN_ABOUT_RETURN_TYPE = YES_ERROR;
				GCC_WARN_UNDECLARED_SELECTOR = YES;
				GCC_WARN_UNINITIALIZED_AUTOS = YES_AGGRESSIVE;
				GCC_WARN_UNUSED_FUNCTION = YES;
				GCC_WARN_UNUSED_VARIABLE = YES;
				IPHONEOS_DEPLOYMENT_TARGET = 14.3;
				MTL_ENABLE_DEBUG_INFO = INCLUDE_SOURCE;
				MTL_FAST_MATH = YES;
				ONLY_ACTIVE_ARCH = YES;
				SDKROOT = iphoneos;
				SWIFT_ACTIVE_COMPILATION_CONDITIONS = DEBUG;
				SWIFT_OPTIMIZATION_LEVEL = "-Onone";
			};
			name = Debug;
		};
		22F7FC8625E0D6A500463661 /* Release */ = {
			isa = XCBuildConfiguration;
			buildSettings = {
				ALWAYS_SEARCH_USER_PATHS = NO;
				CLANG_ANALYZER_NONNULL = YES;
				CLANG_ANALYZER_NUMBER_OBJECT_CONVERSION = YES_AGGRESSIVE;
				CLANG_CXX_LANGUAGE_STANDARD = "gnu++14";
				CLANG_CXX_LIBRARY = "libc++";
				CLANG_ENABLE_MODULES = YES;
				CLANG_ENABLE_OBJC_ARC = YES;
				CLANG_ENABLE_OBJC_WEAK = YES;
				CLANG_WARN_BLOCK_CAPTURE_AUTORELEASING = YES;
				CLANG_WARN_BOOL_CONVERSION = YES;
				CLANG_WARN_COMMA = YES;
				CLANG_WARN_CONSTANT_CONVERSION = YES;
				CLANG_WARN_DEPRECATED_OBJC_IMPLEMENTATIONS = YES;
				CLANG_WARN_DIRECT_OBJC_ISA_USAGE = YES_ERROR;
				CLANG_WARN_DOCUMENTATION_COMMENTS = YES;
				CLANG_WARN_EMPTY_BODY = YES;
				CLANG_WARN_ENUM_CONVERSION = YES;
				CLANG_WARN_INFINITE_RECURSION = YES;
				CLANG_WARN_INT_CONVERSION = YES;
				CLANG_WARN_NON_LITERAL_NULL_CONVERSION = YES;
				CLANG_WARN_OBJC_IMPLICIT_RETAIN_SELF = YES;
				CLANG_WARN_OBJC_LITERAL_CONVERSION = YES;
				CLANG_WARN_OBJC_ROOT_CLASS = YES_ERROR;
				CLANG_WARN_QUOTED_INCLUDE_IN_FRAMEWORK_HEADER = YES;
				CLANG_WARN_RANGE_LOOP_ANALYSIS = YES;
				CLANG_WARN_STRICT_PROTOTYPES = YES;
				CLANG_WARN_SUSPICIOUS_MOVE = YES;
				CLANG_WARN_UNGUARDED_AVAILABILITY = YES_AGGRESSIVE;
				CLANG_WARN_UNREACHABLE_CODE = YES;
				CLANG_WARN__DUPLICATE_METHOD_MATCH = YES;
				COPY_PHASE_STRIP = NO;
				DEBUG_INFORMATION_FORMAT = "dwarf-with-dsym";
				ENABLE_NS_ASSERTIONS = NO;
				ENABLE_STRICT_OBJC_MSGSEND = YES;
				GCC_C_LANGUAGE_STANDARD = gnu11;
				GCC_NO_COMMON_BLOCKS = YES;
				GCC_WARN_64_TO_32_BIT_CONVERSION = YES;
				GCC_WARN_ABOUT_RETURN_TYPE = YES_ERROR;
				GCC_WARN_UNDECLARED_SELECTOR = YES;
				GCC_WARN_UNINITIALIZED_AUTOS = YES_AGGRESSIVE;
				GCC_WARN_UNUSED_FUNCTION = YES;
				GCC_WARN_UNUSED_VARIABLE = YES;
				IPHONEOS_DEPLOYMENT_TARGET = 14.3;
				MTL_ENABLE_DEBUG_INFO = NO;
				MTL_FAST_MATH = YES;
				SDKROOT = iphoneos;
				SWIFT_COMPILATION_MODE = wholemodule;
				SWIFT_OPTIMIZATION_LEVEL = "-O";
				VALIDATE_PRODUCT = YES;
			};
			name = Release;
		};
		22F7FC8825E0D6A500463661 /* Debug */ = {
			isa = XCBuildConfiguration;
			buildSettings = {
				ASSETCATALOG_COMPILER_APPICON_NAME = AppIcon;
				ASSETCATALOG_COMPILER_GLOBAL_ACCENT_COLOR_NAME = AccentColor;
				CODE_SIGN_STYLE = Automatic;
				DEVELOPMENT_TEAM = 6Q233F3ZPX;
				INFOPLIST_FILE = FacebookUI/Info.plist;
				IPHONEOS_DEPLOYMENT_TARGET = 12.0;
				LD_RUNPATH_SEARCH_PATHS = (
					"$(inherited)",
					"@executable_path/Frameworks",
				);
				PRODUCT_BUNDLE_IDENTIFIER = com.app.FacebookUI;
				PRODUCT_NAME = "$(TARGET_NAME)";
				SWIFT_VERSION = 5.0;
				TARGETED_DEVICE_FAMILY = "1,2";
			};
			name = Debug;
		};
		22F7FC8925E0D6A500463661 /* Release */ = {
			isa = XCBuildConfiguration;
			buildSettings = {
				ASSETCATALOG_COMPILER_APPICON_NAME = AppIcon;
				ASSETCATALOG_COMPILER_GLOBAL_ACCENT_COLOR_NAME = AccentColor;
				CODE_SIGN_STYLE = Automatic;
				DEVELOPMENT_TEAM = 6Q233F3ZPX;
				INFOPLIST_FILE = FacebookUI/Info.plist;
				IPHONEOS_DEPLOYMENT_TARGET = 12.0;
				LD_RUNPATH_SEARCH_PATHS = (
					"$(inherited)",
					"@executable_path/Frameworks",
				);
				PRODUCT_BUNDLE_IDENTIFIER = com.app.FacebookUI;
				PRODUCT_NAME = "$(TARGET_NAME)";
				SWIFT_VERSION = 5.0;
				TARGETED_DEVICE_FAMILY = "1,2";
			};
			name = Release;
		};
/* End XCBuildConfiguration section */

/* Begin XCConfigurationList section */
		22F7FC6E25E0D6A300463661 /* Build configuration list for PBXProject "FacebookUI" */ = {
			isa = XCConfigurationList;
			buildConfigurations = (
				22F7FC8525E0D6A500463661 /* Debug */,
				22F7FC8625E0D6A500463661 /* Release */,
			);
			defaultConfigurationIsVisible = 0;
			defaultConfigurationName = Release;
		};
		22F7FC8725E0D6A500463661 /* Build configuration list for PBXNativeTarget "FacebookUI" */ = {
			isa = XCConfigurationList;
			buildConfigurations = (
				22F7FC8825E0D6A500463661 /* Debug */,
				22F7FC8925E0D6A500463661 /* Release */,
			);
			defaultConfigurationIsVisible = 0;
			defaultConfigurationName = Release;
		};
/* End XCConfigurationList section */
	};
	rootObject = 22F7FC6B25E0D6A300463661 /* Project object */;
}
